// !$*UTF8*$!
{
	archiveVersion = 1;
	classes = {
	};
	objectVersion = 46;
	objects = {

/* Begin PBXBuildFile section */
		709685E21A0CCF585E7CBBC0 /* libPods.a in Frameworks */ = {isa = PBXBuildFile; fileRef = 8DF5DE1114C461F85168160E /* libPods.a */; };
		DB0EA7C61B80A7340093B796 /* CAPSPageMenu.swift in Sources */ = {isa = PBXBuildFile; fileRef = DB0EA7C51B80A7340093B796 /* CAPSPageMenu.swift */; };
		DB0EA7CD1B80AAE70093B796 /* PopularTableViewController.swift in Sources */ = {isa = PBXBuildFile; fileRef = DB0EA7CB1B80AAE70093B796 /* PopularTableViewController.swift */; };
		DB0EA7CE1B80AAE70093B796 /* PopularTableViewController.xib in Resources */ = {isa = PBXBuildFile; fileRef = DB0EA7CC1B80AAE70093B796 /* PopularTableViewController.xib */; };
		DB0EA7D11B80AAF50093B796 /* NewTableViewController.swift in Sources */ = {isa = PBXBuildFile; fileRef = DB0EA7CF1B80AAF50093B796 /* NewTableViewController.swift */; };
		DB0EA7D21B80AAF50093B796 /* NewTableViewController.xib in Resources */ = {isa = PBXBuildFile; fileRef = DB0EA7D01B80AAF50093B796 /* NewTableViewController.xib */; };
		DB0EA7D61B80B4790093B796 /* SimpleTableViewCell.swift in Sources */ = {isa = PBXBuildFile; fileRef = DB0EA7D41B80B4790093B796 /* SimpleTableViewCell.swift */; };
		DB0EA7D71B80B4790093B796 /* SimpleTableViewCell.xib in Resources */ = {isa = PBXBuildFile; fileRef = DB0EA7D51B80B4790093B796 /* SimpleTableViewCell.xib */; };
		DB0EA7D91B80DB890093B796 /* greenBackForCell.png in Resources */ = {isa = PBXBuildFile; fileRef = DB0EA7D81B80DB890093B796 /* greenBackForCell.png */; };
		DB0EA7DC1B81D7160093B796 /* LGDrawer.m in Sources */ = {isa = PBXBuildFile; fileRef = DB0EA7DA1B81D7160093B796 /* LGDrawer.m */; };
		DB0EA7DE1B81E1FB0093B796 /* yellowCorner.png in Resources */ = {isa = PBXBuildFile; fileRef = DB0EA7DD1B81E1FB0093B796 /* yellowCorner.png */; };
		DB0EA7E01B81E48E0093B796 /* frameForStationName.png in Resources */ = {isa = PBXBuildFile; fileRef = DB0EA7DF1B81E48E0093B796 /* frameForStationName.png */; };
		DB0EA7E21B8203A40093B796 /* menuBackgroundColor.png in Resources */ = {isa = PBXBuildFile; fileRef = DB0EA7E11B8203A40093B796 /* menuBackgroundColor.png */; };
		DB0EA7E61B82090A0093B796 /* man.png in Resources */ = {isa = PBXBuildFile; fileRef = DB0EA7E51B82090A0093B796 /* man.png */; };
		DB0EA7EA1B8213800093B796 /* arrow.png in Resources */ = {isa = PBXBuildFile; fileRef = DB0EA7E91B8213800093B796 /* arrow.png */; };
		DB0EA7EC1B8213BE0093B796 /* whiteArrow.png in Resources */ = {isa = PBXBuildFile; fileRef = DB0EA7EB1B8213BE0093B796 /* whiteArrow.png */; };
		DB0EA7EE1B8214690093B796 /* onRightArrow.png in Resources */ = {isa = PBXBuildFile; fileRef = DB0EA7ED1B8214690093B796 /* onRightArrow.png */; };
		DB0EA7F01B8223400093B796 /* RightMenuViewController.swift in Sources */ = {isa = PBXBuildFile; fileRef = DB0EA7EF1B8223400093B796 /* RightMenuViewController.swift */; };
		DB19566E1BAEC2E900A3C294 /* CollectionViewCell.swift in Sources */ = {isa = PBXBuildFile; fileRef = DB19566D1BAEC2E900A3C294 /* CollectionViewCell.swift */; };
		DB459D781BBAE02A0062C525 /* welcomeBackground@3x.png in Resources */ = {isa = PBXBuildFile; fileRef = DB459D771BBAE02A0062C525 /* welcomeBackground@3x.png */; settings = {ASSET_TAGS = (); }; };
		DB459EBB1BBC3B0B0062C525 /* AFHTTPRequestOperation.m in Sources */ = {isa = PBXBuildFile; fileRef = DB459EA91BBC3B0B0062C525 /* AFHTTPRequestOperation.m */; settings = {ASSET_TAGS = (); }; };
		DB459EBC1BBC3B0B0062C525 /* AFHTTPRequestOperationManager.m in Sources */ = {isa = PBXBuildFile; fileRef = DB459EAB1BBC3B0B0062C525 /* AFHTTPRequestOperationManager.m */; settings = {ASSET_TAGS = (); }; };
		DB459EBD1BBC3B0B0062C525 /* AFHTTPSessionManager.m in Sources */ = {isa = PBXBuildFile; fileRef = DB459EAD1BBC3B0B0062C525 /* AFHTTPSessionManager.m */; settings = {ASSET_TAGS = (); }; };
		DB459EBE1BBC3B0B0062C525 /* AFNetworkReachabilityManager.m in Sources */ = {isa = PBXBuildFile; fileRef = DB459EB01BBC3B0B0062C525 /* AFNetworkReachabilityManager.m */; settings = {ASSET_TAGS = (); }; };
		DB459EBF1BBC3B0B0062C525 /* AFSecurityPolicy.m in Sources */ = {isa = PBXBuildFile; fileRef = DB459EB21BBC3B0B0062C525 /* AFSecurityPolicy.m */; settings = {ASSET_TAGS = (); }; };
		DB459EC01BBC3B0B0062C525 /* AFURLConnectionOperation.m in Sources */ = {isa = PBXBuildFile; fileRef = DB459EB41BBC3B0B0062C525 /* AFURLConnectionOperation.m */; settings = {ASSET_TAGS = (); }; };
		DB459EC11BBC3B0B0062C525 /* AFURLRequestSerialization.m in Sources */ = {isa = PBXBuildFile; fileRef = DB459EB61BBC3B0B0062C525 /* AFURLRequestSerialization.m */; settings = {ASSET_TAGS = (); }; };
		DB459EC21BBC3B0B0062C525 /* AFURLResponseSerialization.m in Sources */ = {isa = PBXBuildFile; fileRef = DB459EB81BBC3B0B0062C525 /* AFURLResponseSerialization.m */; settings = {ASSET_TAGS = (); }; };
		DB459EC31BBC3B0B0062C525 /* AFURLSessionManager.m in Sources */ = {isa = PBXBuildFile; fileRef = DB459EBA1BBC3B0B0062C525 /* AFURLSessionManager.m */; settings = {ASSET_TAGS = (); }; };
		DB4CC2D81B7B704A00480DC0 /* ENSideMenuNavigationController.swift in Sources */ = {isa = PBXBuildFile; fileRef = DB4CC2D61B7B704A00480DC0 /* ENSideMenuNavigationController.swift */; };
		DB4CC2D91B7B704A00480DC0 /* ENSideMenu.swift in Sources */ = {isa = PBXBuildFile; fileRef = DB4CC2D71B7B704A00480DC0 /* ENSideMenu.swift */; };
		DB4CC2DC1B7B70A000480DC0 /* MainNavigationViewController.swift in Sources */ = {isa = PBXBuildFile; fileRef = DB4CC2DB1B7B70A000480DC0 /* MainNavigationViewController.swift */; };
		DB4CC2DE1B7BACC600480DC0 /* LeftMenuViewController.swift in Sources */ = {isa = PBXBuildFile; fileRef = DB4CC2DD1B7BACC600480DC0 /* LeftMenuViewController.swift */; };
		DB70BB781B7253AC00FECB99 /* AppDelegate.swift in Sources */ = {isa = PBXBuildFile; fileRef = DB70BB771B7253AC00FECB99 /* AppDelegate.swift */; };
		DB70BB7B1B7253AC00FECB99 /* _HandsSwift.xcdatamodeld in Sources */ = {isa = PBXBuildFile; fileRef = DB70BB791B7253AC00FECB99 /* _HandsSwift.xcdatamodeld */; };
		DB70BB821B7253AC00FECB99 /* Images.xcassets in Resources */ = {isa = PBXBuildFile; fileRef = DB70BB811B7253AC00FECB99 /* Images.xcassets */; };
		DB70BB851B7253AC00FECB99 /* LaunchScreen.xib in Resources */ = {isa = PBXBuildFile; fileRef = DB70BB831B7253AC00FECB99 /* LaunchScreen.xib */; };
		DB70BB911B7253AC00FECB99 /* _HandsSwiftTests.swift in Sources */ = {isa = PBXBuildFile; fileRef = DB70BB901B7253AC00FECB99 /* _HandsSwiftTests.swift */; };
		DB70BBA11B72548500FECB99 /* blueColor.png in Resources */ = {isa = PBXBuildFile; fileRef = DB70BB9B1B72548500FECB99 /* blueColor.png */; };
		DB70BBA21B72548500FECB99 /* kitchen pack18.png in Resources */ = {isa = PBXBuildFile; fileRef = DB70BB9C1B72548500FECB99 /* kitchen pack18.png */; };
		DB70BBA31B72548500FECB99 /* menu.png in Resources */ = {isa = PBXBuildFile; fileRef = DB70BB9D1B72548500FECB99 /* menu.png */; };
		DB70BBA41B72548500FECB99 /* rectBackgroundForButtonFirstView.png in Resources */ = {isa = PBXBuildFile; fileRef = DB70BB9E1B72548500FECB99 /* rectBackgroundForButtonFirstView.png */; };
		DB70BBA51B72548500FECB99 /* sixHandsLogo.png in Resources */ = {isa = PBXBuildFile; fileRef = DB70BB9F1B72548500FECB99 /* sixHandsLogo.png */; };
		DB70BBAC1B7254C400FECB99 /* WelcomeViewController.swift in Sources */ = {isa = PBXBuildFile; fileRef = DB70BBAB1B7254C400FECB99 /* WelcomeViewController.swift */; };
		DB8289DA1B8CA6F90012E787 /* MapTableViewCell.swift in Sources */ = {isa = PBXBuildFile; fileRef = DB8289D91B8CA6F90012E787 /* MapTableViewCell.swift */; };
		DB851C271B9F438200984A2C /* krest@2x.png in Resources */ = {isa = PBXBuildFile; fileRef = DB851C261B9F438200984A2C /* krest@2x.png */; };
		DB851C291B9F43DC00984A2C /* leftArrow@2x.png in Resources */ = {isa = PBXBuildFile; fileRef = DB851C281B9F43DC00984A2C /* leftArrow@2x.png */; };
		DB851C2B1B9F46D100984A2C /* rightArrow@2x.png in Resources */ = {isa = PBXBuildFile; fileRef = DB851C2A1B9F46D100984A2C /* rightArrow@2x.png */; };
		DB851C2D1B9F49C100984A2C /* imageBackgroundFillPost@2x.png in Resources */ = {isa = PBXBuildFile; fileRef = DB851C2C1B9F49C100984A2C /* imageBackgroundFillPost@2x.png */; };
		DB851C321B9F6E0B00984A2C /* FillPostSliderViewController.swift in Sources */ = {isa = PBXBuildFile; fileRef = DB851C311B9F6E0B00984A2C /* FillPostSliderViewController.swift */; };
		DB8B91DD1B8F3AC80019EBF4 /* SellerProfileTableViewCell.swift in Sources */ = {isa = PBXBuildFile; fileRef = DB8B91DC1B8F3AC80019EBF4 /* SellerProfileTableViewCell.swift */; };
		DB8B91DF1B8F5DA60019EBF4 /* ButtonConnectionTableViewCell.swift in Sources */ = {isa = PBXBuildFile; fileRef = DB8B91DE1B8F5DA60019EBF4 /* ButtonConnectionTableViewCell.swift */; };
		DB8B91E11B8F677D0019EBF4 /* MultiTableViewCell.swift in Sources */ = {isa = PBXBuildFile; fileRef = DB8B91E01B8F677D0019EBF4 /* MultiTableViewCell.swift */; };
		DB92400A1BA350EE00CE57F3 /* NewPostWithPhotosViewController.swift in Sources */ = {isa = PBXBuildFile; fileRef = DB9240091BA350EE00CE57F3 /* NewPostWithPhotosViewController.swift */; };
		DB92400C1BA3512600CE57F3 /* photoKrest@2x.png in Resources */ = {isa = PBXBuildFile; fileRef = DB92400B1BA3512600CE57F3 /* photoKrest@2x.png */; };
		DB9240101BA3522500CE57F3 /* newPhotoButton@2x.png in Resources */ = {isa = PBXBuildFile; fileRef = DB92400F1BA3522500CE57F3 /* newPhotoButton@2x.png */; };
		DBAF80741B8478CA00299913 /* TTRangeSlider.m in Sources */ = {isa = PBXBuildFile; fileRef = DBAF80721B8478CA00299913 /* TTRangeSlider.m */; };
		DBB2DE251B7274B40076765A /* CalendarAndDate.m in Sources */ = {isa = PBXBuildFile; fileRef = DBB2DE241B7274B40076765A /* CalendarAndDate.m */; };
		DBBF9F1A1B8B4A6D00E31A44 /* RoomViewController.swift in Sources */ = {isa = PBXBuildFile; fileRef = DBBF9F191B8B4A6D00E31A44 /* RoomViewController.swift */; };
		DBBF9F1C1B8B6D3600E31A44 /* ImageScrollTableViewCell.swift in Sources */ = {isa = PBXBuildFile; fileRef = DBBF9F1B1B8B6D3600E31A44 /* ImageScrollTableViewCell.swift */; };
		DBBF9F1F1B8B83B600E31A44 /* InfoTableViewCell.swift in Sources */ = {isa = PBXBuildFile; fileRef = DBBF9F1E1B8B83B600E31A44 /* InfoTableViewCell.swift */; };
		DBC6ACA61BC4FF4A00413983 /* PostSecondViewController.swift in Sources */ = {isa = PBXBuildFile; fileRef = DBC6ACA51BC4FF4A00413983 /* PostSecondViewController.swift */; settings = {ASSET_TAGS = (); }; };
		DBD3C3BB1B85C12E0046655A /* RoomPageViewController.swift in Sources */ = {isa = PBXBuildFile; fileRef = DBD3C3B91B85C12E0046655A /* RoomPageViewController.swift */; };
		DBD3C3BE1B85FAB20046655A /* PopTableViewController.swift in Sources */ = {isa = PBXBuildFile; fileRef = DBD3C3BD1B85FAB20046655A /* PopTableViewController.swift */; };
		DBD3C3C31B8648D30046655A /* backButtonArrow.png in Resources */ = {isa = PBXBuildFile; fileRef = DBD3C3C21B8648D30046655A /* backButtonArrow.png */; };
		DBD3C3C51B86949D0046655A /* kvartira.jpg in Resources */ = {isa = PBXBuildFile; fileRef = DBD3C3C41B86949D0046655A /* kvartira.jpg */; };
		DBD3C3C71B8695660046655A /* star.png in Resources */ = {isa = PBXBuildFile; fileRef = DBD3C3C61B8695660046655A /* star.png */; };
		DBD3C3C91B8696FF0046655A /* empryStar.png in Resources */ = {isa = PBXBuildFile; fileRef = DBD3C3C81B8696FF0046655A /* empryStar.png */; };
		DBD3C3CC1B8722500046655A /* kvartira3.jpg in Resources */ = {isa = PBXBuildFile; fileRef = DBD3C3CA1B8722500046655A /* kvartira3.jpg */; };
		DBD3C3CD1B8722500046655A /* kvartira2.jpg in Resources */ = {isa = PBXBuildFile; fileRef = DBD3C3CB1B8722500046655A /* kvartira2.jpg */; };
		DBD3C3D11B8753770046655A /* InfoRoomTableViewCell.swift in Sources */ = {isa = PBXBuildFile; fileRef = DBD3C3D01B8753770046655A /* InfoRoomTableViewCell.swift */; };
		DBD3C3D31B8753F30046655A /* DescriptionTableViewCell.swift in Sources */ = {isa = PBXBuildFile; fileRef = DBD3C3D21B8753F30046655A /* DescriptionTableViewCell.swift */; };
		DBEC634A1BC0B9F900347679 /* NewPostsViewController.swift in Sources */ = {isa = PBXBuildFile; fileRef = DBEC63491BC0B9F900347679 /* NewPostsViewController.swift */; settings = {ASSET_TAGS = (); }; };
		DBED201F1B88AE8C00A5C511 /* Main.storyboard in Resources */ = {isa = PBXBuildFile; fileRef = DBED201E1B88AE8C00A5C511 /* Main.storyboard */; };
		DBF00DF21B77B2FC00209549 /* MainTablesViewController.swift in Sources */ = {isa = PBXBuildFile; fileRef = DBF00DF11B77B2FC00209549 /* MainTablesViewController.swift */; };
/* End PBXBuildFile section */

/* Begin PBXContainerItemProxy section */
		DB70BB8B1B7253AC00FECB99 /* PBXContainerItemProxy */ = {
			isa = PBXContainerItemProxy;
			containerPortal = DB70BB6A1B7253AC00FECB99 /* Project object */;
			proxyType = 1;
			remoteGlobalIDString = DB70BB711B7253AC00FECB99;
			remoteInfo = 6HandsSwift;
		};
/* End PBXContainerItemProxy section */

/* Begin PBXFileReference section */
		8B93BEC3411F8436BCB6F220 /* Pods.release.xcconfig */ = {isa = PBXFileReference; includeInIndex = 1; lastKnownFileType = text.xcconfig; name = Pods.release.xcconfig; path = "Pods/Target Support Files/Pods/Pods.release.xcconfig"; sourceTree = "<group>"; };
		8DF5DE1114C461F85168160E /* libPods.a */ = {isa = PBXFileReference; explicitFileType = archive.ar; includeInIndex = 0; path = libPods.a; sourceTree = BUILT_PRODUCTS_DIR; };
		DB0EA7C51B80A7340093B796 /* CAPSPageMenu.swift */ = {isa = PBXFileReference; fileEncoding = 4; lastKnownFileType = sourcecode.swift; path = CAPSPageMenu.swift; sourceTree = "<group>"; };
		DB0EA7CB1B80AAE70093B796 /* PopularTableViewController.swift */ = {isa = PBXFileReference; fileEncoding = 4; lastKnownFileType = sourcecode.swift; path = PopularTableViewController.swift; sourceTree = "<group>"; };
		DB0EA7CC1B80AAE70093B796 /* PopularTableViewController.xib */ = {isa = PBXFileReference; fileEncoding = 4; lastKnownFileType = file.xib; path = PopularTableViewController.xib; sourceTree = "<group>"; };
		DB0EA7CF1B80AAF50093B796 /* NewTableViewController.swift */ = {isa = PBXFileReference; fileEncoding = 4; lastKnownFileType = sourcecode.swift; path = NewTableViewController.swift; sourceTree = "<group>"; };
		DB0EA7D01B80AAF50093B796 /* NewTableViewController.xib */ = {isa = PBXFileReference; fileEncoding = 4; lastKnownFileType = file.xib; path = NewTableViewController.xib; sourceTree = "<group>"; };
		DB0EA7D41B80B4790093B796 /* SimpleTableViewCell.swift */ = {isa = PBXFileReference; fileEncoding = 4; lastKnownFileType = sourcecode.swift; path = SimpleTableViewCell.swift; sourceTree = "<group>"; };
		DB0EA7D51B80B4790093B796 /* SimpleTableViewCell.xib */ = {isa = PBXFileReference; fileEncoding = 4; lastKnownFileType = file.xib; path = SimpleTableViewCell.xib; sourceTree = "<group>"; };
		DB0EA7D81B80DB890093B796 /* greenBackForCell.png */ = {isa = PBXFileReference; lastKnownFileType = image.png; name = greenBackForCell.png; path = Design/greenBackForCell.png; sourceTree = "<group>"; };
		DB0EA7DA1B81D7160093B796 /* LGDrawer.m */ = {isa = PBXFileReference; fileEncoding = 4; lastKnownFileType = sourcecode.c.objc; name = LGDrawer.m; path = 6HandsSwift/LGDrawer.m; sourceTree = "<group>"; };
		DB0EA7DB1B81D7160093B796 /* LGDrawer.h */ = {isa = PBXFileReference; fileEncoding = 4; lastKnownFileType = sourcecode.c.h; name = LGDrawer.h; path = 6HandsSwift/LGDrawer.h; sourceTree = "<group>"; };
		DB0EA7DD1B81E1FB0093B796 /* yellowCorner.png */ = {isa = PBXFileReference; lastKnownFileType = image.png; name = yellowCorner.png; path = Design/yellowCorner.png; sourceTree = "<group>"; };
		DB0EA7DF1B81E48E0093B796 /* frameForStationName.png */ = {isa = PBXFileReference; lastKnownFileType = image.png; name = frameForStationName.png; path = Design/frameForStationName.png; sourceTree = "<group>"; };
		DB0EA7E11B8203A40093B796 /* menuBackgroundColor.png */ = {isa = PBXFileReference; lastKnownFileType = image.png; name = menuBackgroundColor.png; path = Design/menuBackgroundColor.png; sourceTree = "<group>"; };
		DB0EA7E51B82090A0093B796 /* man.png */ = {isa = PBXFileReference; lastKnownFileType = image.png; name = man.png; path = Design/man.png; sourceTree = "<group>"; };
		DB0EA7E91B8213800093B796 /* arrow.png */ = {isa = PBXFileReference; lastKnownFileType = image.png; name = arrow.png; path = Design/arrow.png; sourceTree = "<group>"; };
		DB0EA7EB1B8213BE0093B796 /* whiteArrow.png */ = {isa = PBXFileReference; lastKnownFileType = image.png; name = whiteArrow.png; path = Design/whiteArrow.png; sourceTree = "<group>"; };
		DB0EA7ED1B8214690093B796 /* onRightArrow.png */ = {isa = PBXFileReference; lastKnownFileType = image.png; name = onRightArrow.png; path = Design/onRightArrow.png; sourceTree = "<group>"; };
		DB0EA7EF1B8223400093B796 /* RightMenuViewController.swift */ = {isa = PBXFileReference; fileEncoding = 4; lastKnownFileType = sourcecode.swift; path = RightMenuViewController.swift; sourceTree = "<group>"; };
		DB19566D1BAEC2E900A3C294 /* CollectionViewCell.swift */ = {isa = PBXFileReference; fileEncoding = 4; lastKnownFileType = sourcecode.swift; path = CollectionViewCell.swift; sourceTree = "<group>"; };
		DB459D771BBAE02A0062C525 /* welcomeBackground@3x.png */ = {isa = PBXFileReference; lastKnownFileType = image.png; name = "welcomeBackground@3x.png"; path = "Design/welcomeBackground@3x.png"; sourceTree = "<group>"; };
		DB459EA81BBC3B0B0062C525 /* AFHTTPRequestOperation.h */ = {isa = PBXFileReference; fileEncoding = 4; lastKnownFileType = sourcecode.c.h; path = AFHTTPRequestOperation.h; sourceTree = "<group>"; };
		DB459EA91BBC3B0B0062C525 /* AFHTTPRequestOperation.m */ = {isa = PBXFileReference; fileEncoding = 4; lastKnownFileType = sourcecode.c.objc; path = AFHTTPRequestOperation.m; sourceTree = "<group>"; };
		DB459EAA1BBC3B0B0062C525 /* AFHTTPRequestOperationManager.h */ = {isa = PBXFileReference; fileEncoding = 4; lastKnownFileType = sourcecode.c.h; path = AFHTTPRequestOperationManager.h; sourceTree = "<group>"; };
		DB459EAB1BBC3B0B0062C525 /* AFHTTPRequestOperationManager.m */ = {isa = PBXFileReference; fileEncoding = 4; lastKnownFileType = sourcecode.c.objc; path = AFHTTPRequestOperationManager.m; sourceTree = "<group>"; };
		DB459EAC1BBC3B0B0062C525 /* AFHTTPSessionManager.h */ = {isa = PBXFileReference; fileEncoding = 4; lastKnownFileType = sourcecode.c.h; path = AFHTTPSessionManager.h; sourceTree = "<group>"; };
		DB459EAD1BBC3B0B0062C525 /* AFHTTPSessionManager.m */ = {isa = PBXFileReference; fileEncoding = 4; lastKnownFileType = sourcecode.c.objc; path = AFHTTPSessionManager.m; sourceTree = "<group>"; };
		DB459EAE1BBC3B0B0062C525 /* AFNetworking.h */ = {isa = PBXFileReference; fileEncoding = 4; lastKnownFileType = sourcecode.c.h; path = AFNetworking.h; sourceTree = "<group>"; };
		DB459EAF1BBC3B0B0062C525 /* AFNetworkReachabilityManager.h */ = {isa = PBXFileReference; fileEncoding = 4; lastKnownFileType = sourcecode.c.h; path = AFNetworkReachabilityManager.h; sourceTree = "<group>"; };
		DB459EB01BBC3B0B0062C525 /* AFNetworkReachabilityManager.m */ = {isa = PBXFileReference; fileEncoding = 4; lastKnownFileType = sourcecode.c.objc; path = AFNetworkReachabilityManager.m; sourceTree = "<group>"; };
		DB459EB11BBC3B0B0062C525 /* AFSecurityPolicy.h */ = {isa = PBXFileReference; fileEncoding = 4; lastKnownFileType = sourcecode.c.h; path = AFSecurityPolicy.h; sourceTree = "<group>"; };
		DB459EB21BBC3B0B0062C525 /* AFSecurityPolicy.m */ = {isa = PBXFileReference; fileEncoding = 4; lastKnownFileType = sourcecode.c.objc; path = AFSecurityPolicy.m; sourceTree = "<group>"; };
		DB459EB31BBC3B0B0062C525 /* AFURLConnectionOperation.h */ = {isa = PBXFileReference; fileEncoding = 4; lastKnownFileType = sourcecode.c.h; path = AFURLConnectionOperation.h; sourceTree = "<group>"; };
		DB459EB41BBC3B0B0062C525 /* AFURLConnectionOperation.m */ = {isa = PBXFileReference; fileEncoding = 4; lastKnownFileType = sourcecode.c.objc; path = AFURLConnectionOperation.m; sourceTree = "<group>"; };
		DB459EB51BBC3B0B0062C525 /* AFURLRequestSerialization.h */ = {isa = PBXFileReference; fileEncoding = 4; lastKnownFileType = sourcecode.c.h; path = AFURLRequestSerialization.h; sourceTree = "<group>"; };
		DB459EB61BBC3B0B0062C525 /* AFURLRequestSerialization.m */ = {isa = PBXFileReference; fileEncoding = 4; lastKnownFileType = sourcecode.c.objc; path = AFURLRequestSerialization.m; sourceTree = "<group>"; };
		DB459EB71BBC3B0B0062C525 /* AFURLResponseSerialization.h */ = {isa = PBXFileReference; fileEncoding = 4; lastKnownFileType = sourcecode.c.h; path = AFURLResponseSerialization.h; sourceTree = "<group>"; };
		DB459EB81BBC3B0B0062C525 /* AFURLResponseSerialization.m */ = {isa = PBXFileReference; fileEncoding = 4; lastKnownFileType = sourcecode.c.objc; path = AFURLResponseSerialization.m; sourceTree = "<group>"; };
		DB459EB91BBC3B0B0062C525 /* AFURLSessionManager.h */ = {isa = PBXFileReference; fileEncoding = 4; lastKnownFileType = sourcecode.c.h; path = AFURLSessionManager.h; sourceTree = "<group>"; };
		DB459EBA1BBC3B0B0062C525 /* AFURLSessionManager.m */ = {isa = PBXFileReference; fileEncoding = 4; lastKnownFileType = sourcecode.c.objc; path = AFURLSessionManager.m; sourceTree = "<group>"; };
		DB4CC2D61B7B704A00480DC0 /* ENSideMenuNavigationController.swift */ = {isa = PBXFileReference; fileEncoding = 4; lastKnownFileType = sourcecode.swift; path = ENSideMenuNavigationController.swift; sourceTree = "<group>"; };
		DB4CC2D71B7B704A00480DC0 /* ENSideMenu.swift */ = {isa = PBXFileReference; fileEncoding = 4; lastKnownFileType = sourcecode.swift; path = ENSideMenu.swift; sourceTree = "<group>"; };
		DB4CC2DB1B7B70A000480DC0 /* MainNavigationViewController.swift */ = {isa = PBXFileReference; fileEncoding = 4; lastKnownFileType = sourcecode.swift; path = MainNavigationViewController.swift; sourceTree = "<group>"; };
		DB4CC2DD1B7BACC600480DC0 /* LeftMenuViewController.swift */ = {isa = PBXFileReference; fileEncoding = 4; lastKnownFileType = sourcecode.swift; path = LeftMenuViewController.swift; sourceTree = "<group>"; };
		DB70BB721B7253AC00FECB99 /* 6HandsSwift.app */ = {isa = PBXFileReference; explicitFileType = wrapper.application; includeInIndex = 0; path = 6HandsSwift.app; sourceTree = BUILT_PRODUCTS_DIR; };
		DB70BB761B7253AC00FECB99 /* Info.plist */ = {isa = PBXFileReference; lastKnownFileType = text.plist.xml; path = Info.plist; sourceTree = "<group>"; };
		DB70BB771B7253AC00FECB99 /* AppDelegate.swift */ = {isa = PBXFileReference; lastKnownFileType = sourcecode.swift; path = AppDelegate.swift; sourceTree = "<group>"; };
		DB70BB7A1B7253AC00FECB99 /* _HandsSwift.xcdatamodel */ = {isa = PBXFileReference; lastKnownFileType = wrapper.xcdatamodel; path = _HandsSwift.xcdatamodel; sourceTree = "<group>"; };
		DB70BB811B7253AC00FECB99 /* Images.xcassets */ = {isa = PBXFileReference; lastKnownFileType = folder.assetcatalog; path = Images.xcassets; sourceTree = "<group>"; };
		DB70BB841B7253AC00FECB99 /* Base */ = {isa = PBXFileReference; lastKnownFileType = file.xib; name = Base; path = Base.lproj/LaunchScreen.xib; sourceTree = "<group>"; };
		DB70BB8A1B7253AC00FECB99 /* 6HandsSwiftTests.xctest */ = {isa = PBXFileReference; explicitFileType = wrapper.cfbundle; includeInIndex = 0; path = 6HandsSwiftTests.xctest; sourceTree = BUILT_PRODUCTS_DIR; };
		DB70BB8F1B7253AC00FECB99 /* Info.plist */ = {isa = PBXFileReference; lastKnownFileType = text.plist.xml; path = Info.plist; sourceTree = "<group>"; };
		DB70BB901B7253AC00FECB99 /* _HandsSwiftTests.swift */ = {isa = PBXFileReference; lastKnownFileType = sourcecode.swift; path = _HandsSwiftTests.swift; sourceTree = "<group>"; };
		DB70BB9B1B72548500FECB99 /* blueColor.png */ = {isa = PBXFileReference; lastKnownFileType = image.png; name = blueColor.png; path = Design/blueColor.png; sourceTree = "<group>"; };
		DB70BB9C1B72548500FECB99 /* kitchen pack18.png */ = {isa = PBXFileReference; lastKnownFileType = image.png; name = "kitchen pack18.png"; path = "Design/kitchen pack18.png"; sourceTree = "<group>"; };
		DB70BB9D1B72548500FECB99 /* menu.png */ = {isa = PBXFileReference; lastKnownFileType = image.png; name = menu.png; path = Design/menu.png; sourceTree = "<group>"; };
		DB70BB9E1B72548500FECB99 /* rectBackgroundForButtonFirstView.png */ = {isa = PBXFileReference; lastKnownFileType = image.png; name = rectBackgroundForButtonFirstView.png; path = Design/rectBackgroundForButtonFirstView.png; sourceTree = "<group>"; };
		DB70BB9F1B72548500FECB99 /* sixHandsLogo.png */ = {isa = PBXFileReference; lastKnownFileType = image.png; name = sixHandsLogo.png; path = Design/sixHandsLogo.png; sourceTree = "<group>"; };
		DB70BBAB1B7254C400FECB99 /* WelcomeViewController.swift */ = {isa = PBXFileReference; fileEncoding = 4; lastKnownFileType = sourcecode.swift; path = WelcomeViewController.swift; sourceTree = "<group>"; };
		DB70BBB41B7264FB00FECB99 /* Objective-CBridgingHeader.h */ = {isa = PBXFileReference; lastKnownFileType = sourcecode.c.h; path = "Objective-CBridgingHeader.h"; sourceTree = "<group>"; };
		DB8289D91B8CA6F90012E787 /* MapTableViewCell.swift */ = {isa = PBXFileReference; fileEncoding = 4; lastKnownFileType = sourcecode.swift; path = MapTableViewCell.swift; sourceTree = "<group>"; };
		DB851C261B9F438200984A2C /* krest@2x.png */ = {isa = PBXFileReference; lastKnownFileType = image.png; name = "krest@2x.png"; path = "Design/krest@2x.png"; sourceTree = "<group>"; };
		DB851C281B9F43DC00984A2C /* leftArrow@2x.png */ = {isa = PBXFileReference; lastKnownFileType = image.png; name = "leftArrow@2x.png"; path = "Design/leftArrow@2x.png"; sourceTree = "<group>"; };
		DB851C2A1B9F46D100984A2C /* rightArrow@2x.png */ = {isa = PBXFileReference; lastKnownFileType = image.png; name = "rightArrow@2x.png"; path = "Design/rightArrow@2x.png"; sourceTree = "<group>"; };
		DB851C2C1B9F49C100984A2C /* imageBackgroundFillPost@2x.png */ = {isa = PBXFileReference; lastKnownFileType = image.png; name = "imageBackgroundFillPost@2x.png"; path = "Design/imageBackgroundFillPost@2x.png"; sourceTree = "<group>"; };
		DB851C311B9F6E0B00984A2C /* FillPostSliderViewController.swift */ = {isa = PBXFileReference; fileEncoding = 4; lastKnownFileType = sourcecode.swift; path = FillPostSliderViewController.swift; sourceTree = "<group>"; };
		DB8B91DC1B8F3AC80019EBF4 /* SellerProfileTableViewCell.swift */ = {isa = PBXFileReference; fileEncoding = 4; lastKnownFileType = sourcecode.swift; path = SellerProfileTableViewCell.swift; sourceTree = "<group>"; };
		DB8B91DE1B8F5DA60019EBF4 /* ButtonConnectionTableViewCell.swift */ = {isa = PBXFileReference; fileEncoding = 4; lastKnownFileType = sourcecode.swift; path = ButtonConnectionTableViewCell.swift; sourceTree = "<group>"; };
		DB8B91E01B8F677D0019EBF4 /* MultiTableViewCell.swift */ = {isa = PBXFileReference; fileEncoding = 4; lastKnownFileType = sourcecode.swift; path = MultiTableViewCell.swift; sourceTree = "<group>"; };
		DB9240091BA350EE00CE57F3 /* NewPostWithPhotosViewController.swift */ = {isa = PBXFileReference; fileEncoding = 4; lastKnownFileType = sourcecode.swift; path = NewPostWithPhotosViewController.swift; sourceTree = "<group>"; };
		DB92400B1BA3512600CE57F3 /* photoKrest@2x.png */ = {isa = PBXFileReference; lastKnownFileType = image.png; name = "photoKrest@2x.png"; path = "Design/photoKrest@2x.png"; sourceTree = "<group>"; };
		DB92400F1BA3522500CE57F3 /* newPhotoButton@2x.png */ = {isa = PBXFileReference; lastKnownFileType = image.png; name = "newPhotoButton@2x.png"; path = "Design/newPhotoButton@2x.png"; sourceTree = "<group>"; };
		DB9240111BA3F45700CE57F3 /* Security.framework */ = {isa = PBXFileReference; lastKnownFileType = wrapper.framework; name = Security.framework; path = System/Library/Frameworks/Security.framework; sourceTree = SDKROOT; };
		DBAF80711B8478CA00299913 /* TTRangeSlider.h */ = {isa = PBXFileReference; fileEncoding = 4; lastKnownFileType = sourcecode.c.h; name = TTRangeSlider.h; path = 6HandsSwift/TTRangeSlider/TTRangeSlider.h; sourceTree = "<group>"; };
		DBAF80721B8478CA00299913 /* TTRangeSlider.m */ = {isa = PBXFileReference; fileEncoding = 4; lastKnownFileType = sourcecode.c.objc; name = TTRangeSlider.m; path = 6HandsSwift/TTRangeSlider/TTRangeSlider.m; sourceTree = "<group>"; };
		DBAF80731B8478CA00299913 /* TTRangeSliderDelegate.h */ = {isa = PBXFileReference; fileEncoding = 4; lastKnownFileType = sourcecode.c.h; name = TTRangeSliderDelegate.h; path = 6HandsSwift/TTRangeSlider/TTRangeSliderDelegate.h; sourceTree = "<group>"; };
		DBB2DE231B7274B40076765A /* CalendarAndDate.h */ = {isa = PBXFileReference; fileEncoding = 4; lastKnownFileType = sourcecode.c.h; name = CalendarAndDate.h; path = 6HandsSwift/CalendarAndDate.h; sourceTree = "<group>"; };
		DBB2DE241B7274B40076765A /* CalendarAndDate.m */ = {isa = PBXFileReference; fileEncoding = 4; lastKnownFileType = sourcecode.c.objc; name = CalendarAndDate.m; path = 6HandsSwift/CalendarAndDate.m; sourceTree = "<group>"; };
		DBBF9F191B8B4A6D00E31A44 /* RoomViewController.swift */ = {isa = PBXFileReference; fileEncoding = 4; lastKnownFileType = sourcecode.swift; path = RoomViewController.swift; sourceTree = "<group>"; };
		DBBF9F1B1B8B6D3600E31A44 /* ImageScrollTableViewCell.swift */ = {isa = PBXFileReference; fileEncoding = 4; lastKnownFileType = sourcecode.swift; path = ImageScrollTableViewCell.swift; sourceTree = "<group>"; };
		DBBF9F1E1B8B83B600E31A44 /* InfoTableViewCell.swift */ = {isa = PBXFileReference; fileEncoding = 4; lastKnownFileType = sourcecode.swift; path = InfoTableViewCell.swift; sourceTree = "<group>"; };
		DBC6ACA51BC4FF4A00413983 /* PostSecondViewController.swift */ = {isa = PBXFileReference; fileEncoding = 4; lastKnownFileType = sourcecode.swift; path = PostSecondViewController.swift; sourceTree = "<group>"; };
		DBD3C3B91B85C12E0046655A /* RoomPageViewController.swift */ = {isa = PBXFileReference; fileEncoding = 4; lastKnownFileType = sourcecode.swift; path = RoomPageViewController.swift; sourceTree = "<group>"; };
		DBD3C3BD1B85FAB20046655A /* PopTableViewController.swift */ = {isa = PBXFileReference; fileEncoding = 4; lastKnownFileType = sourcecode.swift; name = PopTableViewController.swift; path = ../6HandsSwift/PopTableViewController.swift; sourceTree = "<group>"; };
		DBD3C3C21B8648D30046655A /* backButtonArrow.png */ = {isa = PBXFileReference; lastKnownFileType = image.png; name = backButtonArrow.png; path = Design/backButtonArrow.png; sourceTree = "<group>"; };
		DBD3C3C41B86949D0046655A /* kvartira.jpg */ = {isa = PBXFileReference; lastKnownFileType = image.jpeg; name = kvartira.jpg; path = Design/kvartira.jpg; sourceTree = "<group>"; };
		DBD3C3C61B8695660046655A /* star.png */ = {isa = PBXFileReference; lastKnownFileType = image.png; name = star.png; path = Design/star.png; sourceTree = "<group>"; };
		DBD3C3C81B8696FF0046655A /* empryStar.png */ = {isa = PBXFileReference; lastKnownFileType = image.png; name = empryStar.png; path = Design/empryStar.png; sourceTree = "<group>"; };
		DBD3C3CA1B8722500046655A /* kvartira3.jpg */ = {isa = PBXFileReference; lastKnownFileType = image.jpeg; name = kvartira3.jpg; path = Design/kvartira3.jpg; sourceTree = "<group>"; };
		DBD3C3CB1B8722500046655A /* kvartira2.jpg */ = {isa = PBXFileReference; lastKnownFileType = image.jpeg; name = kvartira2.jpg; path = Design/kvartira2.jpg; sourceTree = "<group>"; };
		DBD3C3D01B8753770046655A /* InfoRoomTableViewCell.swift */ = {isa = PBXFileReference; fileEncoding = 4; lastKnownFileType = sourcecode.swift; path = InfoRoomTableViewCell.swift; sourceTree = "<group>"; };
		DBD3C3D21B8753F30046655A /* DescriptionTableViewCell.swift */ = {isa = PBXFileReference; fileEncoding = 4; lastKnownFileType = sourcecode.swift; path = DescriptionTableViewCell.swift; sourceTree = "<group>"; };
		DBEC63491BC0B9F900347679 /* NewPostsViewController.swift */ = {isa = PBXFileReference; fileEncoding = 4; lastKnownFileType = sourcecode.swift; path = NewPostsViewController.swift; sourceTree = "<group>"; };
		DBED201E1B88AE8C00A5C511 /* Main.storyboard */ = {isa = PBXFileReference; fileEncoding = 4; lastKnownFileType = file.storyboard; name = Main.storyboard; path = Base.lproj/Main.storyboard; sourceTree = "<group>"; };
		DBF00DF11B77B2FC00209549 /* MainTablesViewController.swift */ = {isa = PBXFileReference; fileEncoding = 4; lastKnownFileType = sourcecode.swift; path = MainTablesViewController.swift; sourceTree = "<group>"; };
		E84DCF1E2706123B91185255 /* Pods.debug.xcconfig */ = {isa = PBXFileReference; includeInIndex = 1; lastKnownFileType = text.xcconfig; name = Pods.debug.xcconfig; path = "Pods/Target Support Files/Pods/Pods.debug.xcconfig"; sourceTree = "<group>"; };
/* End PBXFileReference section */

/* Begin PBXFrameworksBuildPhase section */
		DB70BB6F1B7253AC00FECB99 /* Frameworks */ = {
			isa = PBXFrameworksBuildPhase;
			buildActionMask = 2147483647;
			files = (
				709685E21A0CCF585E7CBBC0 /* libPods.a in Frameworks */,
			);
			runOnlyForDeploymentPostprocessing = 0;
		};
		DB70BB871B7253AC00FECB99 /* Frameworks */ = {
			isa = PBXFrameworksBuildPhase;
			buildActionMask = 2147483647;
			files = (
			);
			runOnlyForDeploymentPostprocessing = 0;
		};
/* End PBXFrameworksBuildPhase section */

/* Begin PBXGroup section */
		17BCE7B65558CE26EC5B8882 /* Pods */ = {
			isa = PBXGroup;
			children = (
				E84DCF1E2706123B91185255 /* Pods.debug.xcconfig */,
				8B93BEC3411F8436BCB6F220 /* Pods.release.xcconfig */,
			);
			name = Pods;
			sourceTree = "<group>";
		};
		BDFD6222745C6688FFADAE11 /* Frameworks */ = {
			isa = PBXGroup;
			children = (
				DB9240111BA3F45700CE57F3 /* Security.framework */,
				8DF5DE1114C461F85168160E /* libPods.a */,
			);
			name = Frameworks;
			sourceTree = "<group>";
		};
		DB459EA71BBC3B0B0062C525 /* AFNetworking */ = {
			isa = PBXGroup;
			children = (
				DB459EA81BBC3B0B0062C525 /* AFHTTPRequestOperation.h */,
				DB459EA91BBC3B0B0062C525 /* AFHTTPRequestOperation.m */,
				DB459EAA1BBC3B0B0062C525 /* AFHTTPRequestOperationManager.h */,
				DB459EAB1BBC3B0B0062C525 /* AFHTTPRequestOperationManager.m */,
				DB459EAC1BBC3B0B0062C525 /* AFHTTPSessionManager.h */,
				DB459EAD1BBC3B0B0062C525 /* AFHTTPSessionManager.m */,
				DB459EAE1BBC3B0B0062C525 /* AFNetworking.h */,
				DB459EAF1BBC3B0B0062C525 /* AFNetworkReachabilityManager.h */,
				DB459EB01BBC3B0B0062C525 /* AFNetworkReachabilityManager.m */,
				DB459EB11BBC3B0B0062C525 /* AFSecurityPolicy.h */,
				DB459EB21BBC3B0B0062C525 /* AFSecurityPolicy.m */,
				DB459EB31BBC3B0B0062C525 /* AFURLConnectionOperation.h */,
				DB459EB41BBC3B0B0062C525 /* AFURLConnectionOperation.m */,
				DB459EB51BBC3B0B0062C525 /* AFURLRequestSerialization.h */,
				DB459EB61BBC3B0B0062C525 /* AFURLRequestSerialization.m */,
				DB459EB71BBC3B0B0062C525 /* AFURLResponseSerialization.h */,
				DB459EB81BBC3B0B0062C525 /* AFURLResponseSerialization.m */,
				DB459EB91BBC3B0B0062C525 /* AFURLSessionManager.h */,
				DB459EBA1BBC3B0B0062C525 /* AFURLSessionManager.m */,
			);
			name = AFNetworking;
			path = "../../../Downloads/AFNetworking-master-3/AFNetworking";
			sourceTree = "<group>";
		};
		DB4CC2DA1B7B705400480DC0 /* Menu */ = {
			isa = PBXGroup;
			children = (
				DB4CC2D61B7B704A00480DC0 /* ENSideMenuNavigationController.swift */,
				DB4CC2D71B7B704A00480DC0 /* ENSideMenu.swift */,
				DB4CC2DB1B7B70A000480DC0 /* MainNavigationViewController.swift */,
				DB4CC2DD1B7BACC600480DC0 /* LeftMenuViewController.swift */,
				DB0EA7EF1B8223400093B796 /* RightMenuViewController.swift */,
			);
			name = Menu;
			sourceTree = "<group>";
		};
		DB70BB691B7253AC00FECB99 = {
			isa = PBXGroup;
			children = (
				DB70BBB31B7263D100FECB99 /* Objective-C */,
				DB70BB741B7253AC00FECB99 /* 6HandsSwift */,
				DB70BB8D1B7253AC00FECB99 /* 6HandsSwiftTests */,
				DB70BB731B7253AC00FECB99 /* Products */,
				17BCE7B65558CE26EC5B8882 /* Pods */,
				BDFD6222745C6688FFADAE11 /* Frameworks */,
			);
			sourceTree = "<group>";
		};
		DB70BB731B7253AC00FECB99 /* Products */ = {
			isa = PBXGroup;
			children = (
				DB70BB721B7253AC00FECB99 /* 6HandsSwift.app */,
				DB70BB8A1B7253AC00FECB99 /* 6HandsSwiftTests.xctest */,
			);
			name = Products;
			sourceTree = "<group>";
		};
		DB70BB741B7253AC00FECB99 /* 6HandsSwift */ = {
			isa = PBXGroup;
			children = (
				DB70BBA61B72548B00FECB99 /* Design */,
				DB70BBAA1B7254A600FECB99 /* Slider */,
				DB4CC2DA1B7B705400480DC0 /* Menu */,
				DBED201E1B88AE8C00A5C511 /* Main.storyboard */,
				DB70BB771B7253AC00FECB99 /* AppDelegate.swift */,
				DB70BBAB1B7254C400FECB99 /* WelcomeViewController.swift */,
				DBF00DF11B77B2FC00209549 /* MainTablesViewController.swift */,
				DBD3C3CF1B8753540046655A /* RoomPage */,
				DB9240081BA350C500CE57F3 /* New Post */,
				DBF00DF01B77B2D700209549 /* Table */,
				DB70BB811B7253AC00FECB99 /* Images.xcassets */,
				DB70BB831B7253AC00FECB99 /* LaunchScreen.xib */,
				DB70BB791B7253AC00FECB99 /* _HandsSwift.xcdatamodeld */,
				DB70BB751B7253AC00FECB99 /* Supporting Files */,
			);
			path = 6HandsSwift;
			sourceTree = "<group>";
		};
		DB70BB751B7253AC00FECB99 /* Supporting Files */ = {
			isa = PBXGroup;
			children = (
				DB70BB761B7253AC00FECB99 /* Info.plist */,
			);
			name = "Supporting Files";
			sourceTree = "<group>";
		};
		DB70BB8D1B7253AC00FECB99 /* 6HandsSwiftTests */ = {
			isa = PBXGroup;
			children = (
				DBD3C3BD1B85FAB20046655A /* PopTableViewController.swift */,
				DB70BB901B7253AC00FECB99 /* _HandsSwiftTests.swift */,
				DB70BB8E1B7253AC00FECB99 /* Supporting Files */,
			);
			path = 6HandsSwiftTests;
			sourceTree = "<group>";
		};
		DB70BB8E1B7253AC00FECB99 /* Supporting Files */ = {
			isa = PBXGroup;
			children = (
				DB70BB8F1B7253AC00FECB99 /* Info.plist */,
			);
			name = "Supporting Files";
			sourceTree = "<group>";
		};
		DB70BBA61B72548B00FECB99 /* Design */ = {
			isa = PBXGroup;
			children = (
				DB459D771BBAE02A0062C525 /* welcomeBackground@3x.png */,
				DBD3C3CE1B8722740046655A /* Test */,
				DB851C261B9F438200984A2C /* krest@2x.png */,
				DBD3C3C21B8648D30046655A /* backButtonArrow.png */,
				DBD3C3C81B8696FF0046655A /* empryStar.png */,
				DBD3C3C61B8695660046655A /* star.png */,
				DB0EA7ED1B8214690093B796 /* onRightArrow.png */,
				DB0EA7EB1B8213BE0093B796 /* whiteArrow.png */,
				DB0EA7E91B8213800093B796 /* arrow.png */,
				DB851C2C1B9F49C100984A2C /* imageBackgroundFillPost@2x.png */,
				DB0EA7E11B8203A40093B796 /* menuBackgroundColor.png */,
				DB0EA7DF1B81E48E0093B796 /* frameForStationName.png */,
				DB0EA7DD1B81E1FB0093B796 /* yellowCorner.png */,
				DB0EA7D81B80DB890093B796 /* greenBackForCell.png */,
				DB851C2A1B9F46D100984A2C /* rightArrow@2x.png */,
				DB70BB9B1B72548500FECB99 /* blueColor.png */,
				DB70BB9C1B72548500FECB99 /* kitchen pack18.png */,
				DB70BB9D1B72548500FECB99 /* menu.png */,
				DB70BB9E1B72548500FECB99 /* rectBackgroundForButtonFirstView.png */,
				DB70BB9F1B72548500FECB99 /* sixHandsLogo.png */,
				DB851C281B9F43DC00984A2C /* leftArrow@2x.png */,
				DB92400F1BA3522500CE57F3 /* newPhotoButton@2x.png */,
				DB92400B1BA3512600CE57F3 /* photoKrest@2x.png */,
			);
			name = Design;
			sourceTree = "<group>";
		};
		DB70BBAA1B7254A600FECB99 /* Slider */ = {
			isa = PBXGroup;
			children = (
				DB0EA7C51B80A7340093B796 /* CAPSPageMenu.swift */,
			);
			name = Slider;
			sourceTree = "<group>";
		};
		DB70BBB31B7263D100FECB99 /* Objective-C */ = {
			isa = PBXGroup;
			children = (
				DB459EA71BBC3B0B0062C525 /* AFNetworking */,
				DBAF80711B8478CA00299913 /* TTRangeSlider.h */,
				DBAF80721B8478CA00299913 /* TTRangeSlider.m */,
				DBAF80731B8478CA00299913 /* TTRangeSliderDelegate.h */,
				DB0EA7DA1B81D7160093B796 /* LGDrawer.m */,
				DB0EA7DB1B81D7160093B796 /* LGDrawer.h */,
				DB70BBB41B7264FB00FECB99 /* Objective-CBridgingHeader.h */,
				DBB2DE231B7274B40076765A /* CalendarAndDate.h */,
				DBB2DE241B7274B40076765A /* CalendarAndDate.m */,
			);
			name = "Objective-C";
			sourceTree = "<group>";
		};
		DB9240081BA350C500CE57F3 /* New Post */ = {
			isa = PBXGroup;
			children = (
				DB851C311B9F6E0B00984A2C /* FillPostSliderViewController.swift */,
				DB9240091BA350EE00CE57F3 /* NewPostWithPhotosViewController.swift */,
				DB19566D1BAEC2E900A3C294 /* CollectionViewCell.swift */,
				DBC6ACA51BC4FF4A00413983 /* PostSecondViewController.swift */,
			);
			name = "New Post";
			sourceTree = "<group>";
		};
		DBBF9F1D1B8B6D3B00E31A44 /* Cells */ = {
			isa = PBXGroup;
			children = (
				DBBF9F1B1B8B6D3600E31A44 /* ImageScrollTableViewCell.swift */,
				DB8B91DE1B8F5DA60019EBF4 /* ButtonConnectionTableViewCell.swift */,
				DB8B91DC1B8F3AC80019EBF4 /* SellerProfileTableViewCell.swift */,
				DB8289D91B8CA6F90012E787 /* MapTableViewCell.swift */,
				DB8B91E01B8F677D0019EBF4 /* MultiTableViewCell.swift */,
				DBBF9F1E1B8B83B600E31A44 /* InfoTableViewCell.swift */,
			);
			name = Cells;
			sourceTree = "<group>";
		};
		DBD3C3CE1B8722740046655A /* Test */ = {
			isa = PBXGroup;
			children = (
				DBD3C3CA1B8722500046655A /* kvartira3.jpg */,
				DBD3C3CB1B8722500046655A /* kvartira2.jpg */,
				DBD3C3C41B86949D0046655A /* kvartira.jpg */,
				DB0EA7E51B82090A0093B796 /* man.png */,
			);
			name = Test;
			sourceTree = "<group>";
		};
		DBD3C3CF1B8753540046655A /* RoomPage */ = {
			isa = PBXGroup;
			children = (
				DBD3C3B91B85C12E0046655A /* RoomPageViewController.swift */,
				DBBF9F191B8B4A6D00E31A44 /* RoomViewController.swift */,
				DBD3C3D01B8753770046655A /* InfoRoomTableViewCell.swift */,
				DBD3C3D21B8753F30046655A /* DescriptionTableViewCell.swift */,
				DBBF9F1D1B8B6D3B00E31A44 /* Cells */,
			);
			name = RoomPage;
			sourceTree = "<group>";
		};
		DBF00DF01B77B2D700209549 /* Table */ = {
			isa = PBXGroup;
			children = (
				DB0EA7D41B80B4790093B796 /* SimpleTableViewCell.swift */,
				DB0EA7D51B80B4790093B796 /* SimpleTableViewCell.xib */,
				DB0EA7CB1B80AAE70093B796 /* PopularTableViewController.swift */,
				DB0EA7CC1B80AAE70093B796 /* PopularTableViewController.xib */,
				DB0EA7CF1B80AAF50093B796 /* NewTableViewController.swift */,
				DB0EA7D01B80AAF50093B796 /* NewTableViewController.xib */,
				DBEC63491BC0B9F900347679 /* NewPostsViewController.swift */,
			);
			name = Table;
			sourceTree = "<group>";
		};
/* End PBXGroup section */

/* Begin PBXNativeTarget section */
		DB70BB711B7253AC00FECB99 /* 6HandsSwift */ = {
			isa = PBXNativeTarget;
			buildConfigurationList = DB70BB941B7253AC00FECB99 /* Build configuration list for PBXNativeTarget "6HandsSwift" */;
			buildPhases = (
				71A742DBF90CAEC57D1C2877 /* Check Pods Manifest.lock */,
				DB70BB6E1B7253AC00FECB99 /* Sources */,
				DB70BB6F1B7253AC00FECB99 /* Frameworks */,
				DB70BB701B7253AC00FECB99 /* Resources */,
				168785B27ECE6D0561F8B08E /* Copy Pods Resources */,
			);
			buildRules = (
			);
			dependencies = (
			);
			name = 6HandsSwift;
			productName = 6HandsSwift;
			productReference = DB70BB721B7253AC00FECB99 /* 6HandsSwift.app */;
			productType = "com.apple.product-type.application";
		};
		DB70BB891B7253AC00FECB99 /* 6HandsSwiftTests */ = {
			isa = PBXNativeTarget;
			buildConfigurationList = DB70BB971B7253AC00FECB99 /* Build configuration list for PBXNativeTarget "6HandsSwiftTests" */;
			buildPhases = (
				DB70BB861B7253AC00FECB99 /* Sources */,
				DB70BB871B7253AC00FECB99 /* Frameworks */,
				DB70BB881B7253AC00FECB99 /* Resources */,
			);
			buildRules = (
			);
			dependencies = (
				DB70BB8C1B7253AC00FECB99 /* PBXTargetDependency */,
			);
			name = 6HandsSwiftTests;
			productName = 6HandsSwiftTests;
			productReference = DB70BB8A1B7253AC00FECB99 /* 6HandsSwiftTests.xctest */;
			productType = "com.apple.product-type.bundle.unit-test";
		};
/* End PBXNativeTarget section */

/* Begin PBXProject section */
		DB70BB6A1B7253AC00FECB99 /* Project object */ = {
			isa = PBXProject;
			attributes = {
				LastSwiftMigration = 0700;
				LastSwiftUpdateCheck = 0700;
				LastUpgradeCheck = 0700;
				ORGANIZATIONNAME = reutskiy;
				TargetAttributes = {
					DB70BB711B7253AC00FECB99 = {
						CreatedOnToolsVersion = 6.4;
						DevelopmentTeam = FY284969S6;
					};
					DB70BB891B7253AC00FECB99 = {
						CreatedOnToolsVersion = 6.4;
						TestTargetID = DB70BB711B7253AC00FECB99;
					};
				};
			};
			buildConfigurationList = DB70BB6D1B7253AC00FECB99 /* Build configuration list for PBXProject "6HandsSwift" */;
			compatibilityVersion = "Xcode 3.2";
			developmentRegion = English;
			hasScannedForEncodings = 0;
			knownRegions = (
				en,
				Base,
			);
			mainGroup = DB70BB691B7253AC00FECB99;
			productRefGroup = DB70BB731B7253AC00FECB99 /* Products */;
			projectDirPath = "";
			projectRoot = "";
			targets = (
				DB70BB711B7253AC00FECB99 /* 6HandsSwift */,
				DB70BB891B7253AC00FECB99 /* 6HandsSwiftTests */,
			);
		};
/* End PBXProject section */

/* Begin PBXResourcesBuildPhase section */
		DB70BB701B7253AC00FECB99 /* Resources */ = {
			isa = PBXResourcesBuildPhase;
			buildActionMask = 2147483647;
			files = (
				DB70BBA51B72548500FECB99 /* sixHandsLogo.png in Resources */,
				DBD3C3C51B86949D0046655A /* kvartira.jpg in Resources */,
				DB459D781BBAE02A0062C525 /* welcomeBackground@3x.png in Resources */,
				DB0EA7EC1B8213BE0093B796 /* whiteArrow.png in Resources */,
				DB851C2D1B9F49C100984A2C /* imageBackgroundFillPost@2x.png in Resources */,
				DB0EA7D91B80DB890093B796 /* greenBackForCell.png in Resources */,
				DBD3C3CC1B8722500046655A /* kvartira3.jpg in Resources */,
				DBED201F1B88AE8C00A5C511 /* Main.storyboard in Resources */,
				DB851C2B1B9F46D100984A2C /* rightArrow@2x.png in Resources */,
				DB0EA7D21B80AAF50093B796 /* NewTableViewController.xib in Resources */,
				DB0EA7EE1B8214690093B796 /* onRightArrow.png in Resources */,
				DB0EA7D71B80B4790093B796 /* SimpleTableViewCell.xib in Resources */,
				DBD3C3CD1B8722500046655A /* kvartira2.jpg in Resources */,
				DB70BBA11B72548500FECB99 /* blueColor.png in Resources */,
				DB92400C1BA3512600CE57F3 /* photoKrest@2x.png in Resources */,
				DB70BBA41B72548500FECB99 /* rectBackgroundForButtonFirstView.png in Resources */,
				DBD3C3C71B8695660046655A /* star.png in Resources */,
				DB70BB851B7253AC00FECB99 /* LaunchScreen.xib in Resources */,
				DBD3C3C31B8648D30046655A /* backButtonArrow.png in Resources */,
				DB70BBA31B72548500FECB99 /* menu.png in Resources */,
				DBD3C3C91B8696FF0046655A /* empryStar.png in Resources */,
				DB9240101BA3522500CE57F3 /* newPhotoButton@2x.png in Resources */,
				DB851C291B9F43DC00984A2C /* leftArrow@2x.png in Resources */,
				DB0EA7DE1B81E1FB0093B796 /* yellowCorner.png in Resources */,
				DB0EA7E61B82090A0093B796 /* man.png in Resources */,
				DB70BB821B7253AC00FECB99 /* Images.xcassets in Resources */,
				DB0EA7EA1B8213800093B796 /* arrow.png in Resources */,
				DB70BBA21B72548500FECB99 /* kitchen pack18.png in Resources */,
				DB0EA7E01B81E48E0093B796 /* frameForStationName.png in Resources */,
				DB851C271B9F438200984A2C /* krest@2x.png in Resources */,
				DB0EA7E21B8203A40093B796 /* menuBackgroundColor.png in Resources */,
				DB0EA7CE1B80AAE70093B796 /* PopularTableViewController.xib in Resources */,
			);
			runOnlyForDeploymentPostprocessing = 0;
		};
		DB70BB881B7253AC00FECB99 /* Resources */ = {
			isa = PBXResourcesBuildPhase;
			buildActionMask = 2147483647;
			files = (
			);
			runOnlyForDeploymentPostprocessing = 0;
		};
/* End PBXResourcesBuildPhase section */

/* Begin PBXShellScriptBuildPhase section */
		168785B27ECE6D0561F8B08E /* Copy Pods Resources */ = {
			isa = PBXShellScriptBuildPhase;
			buildActionMask = 2147483647;
			files = (
			);
			inputPaths = (
			);
			name = "Copy Pods Resources";
			outputPaths = (
			);
			runOnlyForDeploymentPostprocessing = 0;
			shellPath = /bin/sh;
			shellScript = "\"${SRCROOT}/Pods/Target Support Files/Pods/Pods-resources.sh\"\n";
			showEnvVarsInLog = 0;
		};
		71A742DBF90CAEC57D1C2877 /* Check Pods Manifest.lock */ = {
			isa = PBXShellScriptBuildPhase;
			buildActionMask = 2147483647;
			files = (
			);
			inputPaths = (
			);
			name = "Check Pods Manifest.lock";
			outputPaths = (
			);
			runOnlyForDeploymentPostprocessing = 0;
			shellPath = /bin/sh;
			shellScript = "diff \"${PODS_ROOT}/../Podfile.lock\" \"${PODS_ROOT}/Manifest.lock\" > /dev/null\nif [[ $? != 0 ]] ; then\n    cat << EOM\nerror: The sandbox is not in sync with the Podfile.lock. Run 'pod install' or update your CocoaPods installation.\nEOM\n    exit 1\nfi\n";
			showEnvVarsInLog = 0;
		};
/* End PBXShellScriptBuildPhase section */

/* Begin PBXSourcesBuildPhase section */
		DB70BB6E1B7253AC00FECB99 /* Sources */ = {
			isa = PBXSourcesBuildPhase;
			buildActionMask = 2147483647;
			files = (
				DBBF9F1C1B8B6D3600E31A44 /* ImageScrollTableViewCell.swift in Sources */,
				DB8B91DF1B8F5DA60019EBF4 /* ButtonConnectionTableViewCell.swift in Sources */,
				DB92400A1BA350EE00CE57F3 /* NewPostWithPhotosViewController.swift in Sources */,
				DB4CC2DC1B7B70A000480DC0 /* MainNavigationViewController.swift in Sources */,
				DB459EC01BBC3B0B0062C525 /* AFURLConnectionOperation.m in Sources */,
				DB8289DA1B8CA6F90012E787 /* MapTableViewCell.swift in Sources */,
				DBBF9F1F1B8B83B600E31A44 /* InfoTableViewCell.swift in Sources */,
				DB4CC2D91B7B704A00480DC0 /* ENSideMenu.swift in Sources */,
				DB8B91DD1B8F3AC80019EBF4 /* SellerProfileTableViewCell.swift in Sources */,
				DBEC634A1BC0B9F900347679 /* NewPostsViewController.swift in Sources */,
				DBAF80741B8478CA00299913 /* TTRangeSlider.m in Sources */,
				DB0EA7C61B80A7340093B796 /* CAPSPageMenu.swift in Sources */,
				DB459EC11BBC3B0B0062C525 /* AFURLRequestSerialization.m in Sources */,
				DBF00DF21B77B2FC00209549 /* MainTablesViewController.swift in Sources */,
				DBD3C3BE1B85FAB20046655A /* PopTableViewController.swift in Sources */,
				DB0EA7F01B8223400093B796 /* RightMenuViewController.swift in Sources */,
				DB70BBAC1B7254C400FECB99 /* WelcomeViewController.swift in Sources */,
				DB70BB7B1B7253AC00FECB99 /* _HandsSwift.xcdatamodeld in Sources */,
				DBBF9F1A1B8B4A6D00E31A44 /* RoomViewController.swift in Sources */,
				DBB2DE251B7274B40076765A /* CalendarAndDate.m in Sources */,
				DB851C321B9F6E0B00984A2C /* FillPostSliderViewController.swift in Sources */,
				DBD3C3D11B8753770046655A /* InfoRoomTableViewCell.swift in Sources */,
				DB0EA7CD1B80AAE70093B796 /* PopularTableViewController.swift in Sources */,
				DB19566E1BAEC2E900A3C294 /* CollectionViewCell.swift in Sources */,
				DB459EBF1BBC3B0B0062C525 /* AFSecurityPolicy.m in Sources */,
				DB459EC31BBC3B0B0062C525 /* AFURLSessionManager.m in Sources */,
				DB70BB781B7253AC00FECB99 /* AppDelegate.swift in Sources */,
				DB459EBC1BBC3B0B0062C525 /* AFHTTPRequestOperationManager.m in Sources */,
				DB0EA7DC1B81D7160093B796 /* LGDrawer.m in Sources */,
				DBD3C3BB1B85C12E0046655A /* RoomPageViewController.swift in Sources */,
				DBC6ACA61BC4FF4A00413983 /* PostSecondViewController.swift in Sources */,
				DB459EC21BBC3B0B0062C525 /* AFURLResponseSerialization.m in Sources */,
				DB8B91E11B8F677D0019EBF4 /* MultiTableViewCell.swift in Sources */,
				DB4CC2D81B7B704A00480DC0 /* ENSideMenuNavigationController.swift in Sources */,
				DB459EBD1BBC3B0B0062C525 /* AFHTTPSessionManager.m in Sources */,
				DB459EBE1BBC3B0B0062C525 /* AFNetworkReachabilityManager.m in Sources */,
				DBD3C3D31B8753F30046655A /* DescriptionTableViewCell.swift in Sources */,
				DB459EBB1BBC3B0B0062C525 /* AFHTTPRequestOperation.m in Sources */,
				DB4CC2DE1B7BACC600480DC0 /* LeftMenuViewController.swift in Sources */,
				DB0EA7D61B80B4790093B796 /* SimpleTableViewCell.swift in Sources */,
				DB0EA7D11B80AAF50093B796 /* NewTableViewController.swift in Sources */,
			);
			runOnlyForDeploymentPostprocessing = 0;
		};
		DB70BB861B7253AC00FECB99 /* Sources */ = {
			isa = PBXSourcesBuildPhase;
			buildActionMask = 2147483647;
			files = (
				DB70BB911B7253AC00FECB99 /* _HandsSwiftTests.swift in Sources */,
			);
			runOnlyForDeploymentPostprocessing = 0;
		};
/* End PBXSourcesBuildPhase section */

/* Begin PBXTargetDependency section */
		DB70BB8C1B7253AC00FECB99 /* PBXTargetDependency */ = {
			isa = PBXTargetDependency;
			target = DB70BB711B7253AC00FECB99 /* 6HandsSwift */;
			targetProxy = DB70BB8B1B7253AC00FECB99 /* PBXContainerItemProxy */;
		};
/* End PBXTargetDependency section */

/* Begin PBXVariantGroup section */
		DB70BB831B7253AC00FECB99 /* LaunchScreen.xib */ = {
			isa = PBXVariantGroup;
			children = (
				DB70BB841B7253AC00FECB99 /* Base */,
			);
			name = LaunchScreen.xib;
			sourceTree = "<group>";
		};
/* End PBXVariantGroup section */

/* Begin XCBuildConfiguration section */
		DB70BB921B7253AC00FECB99 /* Debug */ = {
			isa = XCBuildConfiguration;
			buildSettings = {
				ALWAYS_SEARCH_USER_PATHS = NO;
				CLANG_CXX_LANGUAGE_STANDARD = "gnu++0x";
				CLANG_CXX_LIBRARY = "libc++";
				CLANG_ENABLE_MODULES = YES;
				CLANG_ENABLE_OBJC_ARC = YES;
				CLANG_WARN_BOOL_CONVERSION = YES;
				CLANG_WARN_CONSTANT_CONVERSION = YES;
				CLANG_WARN_DIRECT_OBJC_ISA_USAGE = YES_ERROR;
				CLANG_WARN_EMPTY_BODY = YES;
				CLANG_WARN_ENUM_CONVERSION = YES;
				CLANG_WARN_INT_CONVERSION = YES;
				CLANG_WARN_OBJC_ROOT_CLASS = YES_ERROR;
				CLANG_WARN_UNREACHABLE_CODE = YES;
				CLANG_WARN__DUPLICATE_METHOD_MATCH = YES;
				"CODE_SIGN_IDENTITY[sdk=iphoneos*]" = "iPhone Developer";
				COPY_PHASE_STRIP = NO;
				DEBUG_INFORMATION_FORMAT = "dwarf-with-dsym";
				DEFINES_MODULE = NO;
				ENABLE_STRICT_OBJC_MSGSEND = YES;
				ENABLE_TESTABILITY = YES;
				GCC_C_LANGUAGE_STANDARD = gnu99;
				GCC_DYNAMIC_NO_PIC = NO;
				GCC_NO_COMMON_BLOCKS = YES;
				GCC_OPTIMIZATION_LEVEL = 0;
				GCC_PREPROCESSOR_DEFINITIONS = (
					"DEBUG=1",
					"$(inherited)",
				);
				GCC_SYMBOLS_PRIVATE_EXTERN = NO;
				GCC_WARN_64_TO_32_BIT_CONVERSION = YES;
				GCC_WARN_ABOUT_RETURN_TYPE = YES_ERROR;
				GCC_WARN_UNDECLARED_SELECTOR = YES;
				GCC_WARN_UNINITIALIZED_AUTOS = YES_AGGRESSIVE;
				GCC_WARN_UNUSED_FUNCTION = YES;
				GCC_WARN_UNUSED_VARIABLE = YES;
				IPHONEOS_DEPLOYMENT_TARGET = 8.4;
				MTL_ENABLE_DEBUG_INFO = YES;
				ONLY_ACTIVE_ARCH = YES;
				SDKROOT = iphoneos;
				SWIFT_OBJC_BRIDGING_HEADER = "";
				SWIFT_OPTIMIZATION_LEVEL = "-Onone";
				TARGETED_DEVICE_FAMILY = "1,2";
			};
			name = Debug;
		};
		DB70BB931B7253AC00FECB99 /* Release */ = {
			isa = XCBuildConfiguration;
			buildSettings = {
				ALWAYS_SEARCH_USER_PATHS = NO;
				CLANG_CXX_LANGUAGE_STANDARD = "gnu++0x";
				CLANG_CXX_LIBRARY = "libc++";
				CLANG_ENABLE_MODULES = YES;
				CLANG_ENABLE_OBJC_ARC = YES;
				CLANG_WARN_BOOL_CONVERSION = YES;
				CLANG_WARN_CONSTANT_CONVERSION = YES;
				CLANG_WARN_DIRECT_OBJC_ISA_USAGE = YES_ERROR;
				CLANG_WARN_EMPTY_BODY = YES;
				CLANG_WARN_ENUM_CONVERSION = YES;
				CLANG_WARN_INT_CONVERSION = YES;
				CLANG_WARN_OBJC_ROOT_CLASS = YES_ERROR;
				CLANG_WARN_UNREACHABLE_CODE = YES;
				CLANG_WARN__DUPLICATE_METHOD_MATCH = YES;
				"CODE_SIGN_IDENTITY[sdk=iphoneos*]" = "iPhone Developer";
				COPY_PHASE_STRIP = NO;
				DEBUG_INFORMATION_FORMAT = "dwarf-with-dsym";
				DEFINES_MODULE = NO;
				ENABLE_NS_ASSERTIONS = NO;
				ENABLE_STRICT_OBJC_MSGSEND = YES;
				GCC_C_LANGUAGE_STANDARD = gnu99;
				GCC_NO_COMMON_BLOCKS = YES;
				GCC_WARN_64_TO_32_BIT_CONVERSION = YES;
				GCC_WARN_ABOUT_RETURN_TYPE = YES_ERROR;
				GCC_WARN_UNDECLARED_SELECTOR = YES;
				GCC_WARN_UNINITIALIZED_AUTOS = YES_AGGRESSIVE;
				GCC_WARN_UNUSED_FUNCTION = YES;
				GCC_WARN_UNUSED_VARIABLE = YES;
				IPHONEOS_DEPLOYMENT_TARGET = 8.4;
				MTL_ENABLE_DEBUG_INFO = NO;
				SDKROOT = iphoneos;
				SWIFT_OBJC_BRIDGING_HEADER = "";
				TARGETED_DEVICE_FAMILY = "1,2";
				VALIDATE_PRODUCT = YES;
			};
			name = Release;
		};
		DB70BB951B7253AC00FECB99 /* Debug */ = {
			isa = XCBuildConfiguration;
			baseConfigurationReference = E84DCF1E2706123B91185255 /* Pods.debug.xcconfig */;
			buildSettings = {
				ASSETCATALOG_COMPILER_APPICON_NAME = AppIcon;
				CODE_SIGN_IDENTITY = "iPhone Developer";
				"CODE_SIGN_IDENTITY[sdk=iphoneos*]" = "iPhone Developer";
				ENABLE_BITCODE = NO;
				INFOPLIST_FILE = 6HandsSwift/Info.plist;
				IPHONEOS_DEPLOYMENT_TARGET = 8.1;
				LD_RUNPATH_SEARCH_PATHS = "$(inherited) @executable_path/Frameworks";
				PRODUCT_BUNDLE_IDENTIFIER = "com.reutskiy.$(PRODUCT_NAME:rfc1034identifier)";
				PRODUCT_NAME = "$(TARGET_NAME)";
				PROVISIONING_PROFILE = "";
				SWIFT_OBJC_BRIDGING_HEADER = "Objective-CBridgingHeader.h";
			};
			name = Debug;
		};
		DB70BB961B7253AC00FECB99 /* Release */ = {
			isa = XCBuildConfiguration;
			baseConfigurationReference = 8B93BEC3411F8436BCB6F220 /* Pods.release.xcconfig */;
			buildSettings = {
				ASSETCATALOG_COMPILER_APPICON_NAME = AppIcon;
				CODE_SIGN_IDENTITY = "iPhone Developer";
				"CODE_SIGN_IDENTITY[sdk=iphoneos*]" = "iPhone Developer";
				ENABLE_BITCODE = NO;
				INFOPLIST_FILE = 6HandsSwift/Info.plist;
				IPHONEOS_DEPLOYMENT_TARGET = 8.1;
				LD_RUNPATH_SEARCH_PATHS = "$(inherited) @executable_path/Frameworks";
				PRODUCT_BUNDLE_IDENTIFIER = "com.reutskiy.$(PRODUCT_NAME:rfc1034identifier)";
				PRODUCT_NAME = "$(TARGET_NAME)";
				PROVISIONING_PROFILE = "";
				SWIFT_OBJC_BRIDGING_HEADER = "Objective-CBridgingHeader.h";
			};
			name = Release;
		};
		DB70BB981B7253AC00FECB99 /* Debug */ = {
			isa = XCBuildConfiguration;
			buildSettings = {
				BUNDLE_LOADER = "$(TEST_HOST)";
				FRAMEWORK_SEARCH_PATHS = (
					"$(SDKROOT)/Developer/Library/Frameworks",
					"$(inherited)",
				);
				GCC_PREPROCESSOR_DEFINITIONS = (
					"DEBUG=1",
					"$(inherited)",
				);
				INFOPLIST_FILE = 6HandsSwiftTests/Info.plist;
				LD_RUNPATH_SEARCH_PATHS = "$(inherited) @executable_path/Frameworks @loader_path/Frameworks";
				PRODUCT_BUNDLE_IDENTIFIER = "com.reutskiy.$(PRODUCT_NAME:rfc1034identifier)";
				PRODUCT_NAME = "$(TARGET_NAME)";
				TEST_HOST = "$(BUILT_PRODUCTS_DIR)/6HandsSwift.app/6HandsSwift";
			};
			name = Debug;
		};
		DB70BB991B7253AC00FECB99 /* Release */ = {
			isa = XCBuildConfiguration;
			buildSettings = {
				BUNDLE_LOADER = "$(TEST_HOST)";
				FRAMEWORK_SEARCH_PATHS = (
					"$(SDKROOT)/Developer/Library/Frameworks",
					"$(inherited)",
				);
				INFOPLIST_FILE = 6HandsSwiftTests/Info.plist;
				LD_RUNPATH_SEARCH_PATHS = "$(inherited) @executable_path/Frameworks @loader_path/Frameworks";
				PRODUCT_BUNDLE_IDENTIFIER = "com.reutskiy.$(PRODUCT_NAME:rfc1034identifier)";
				PRODUCT_NAME = "$(TARGET_NAME)";
				TEST_HOST = "$(BUILT_PRODUCTS_DIR)/6HandsSwift.app/6HandsSwift";
			};
			name = Release;
		};
/* End XCBuildConfiguration section */

/* Begin XCConfigurationList section */
		DB70BB6D1B7253AC00FECB99 /* Build configuration list for PBXProject "6HandsSwift" */ = {
			isa = XCConfigurationList;
			buildConfigurations = (
				DB70BB921B7253AC00FECB99 /* Debug */,
				DB70BB931B7253AC00FECB99 /* Release */,
			);
			defaultConfigurationIsVisible = 0;
			defaultConfigurationName = Release;
		};
		DB70BB941B7253AC00FECB99 /* Build configuration list for PBXNativeTarget "6HandsSwift" */ = {
			isa = XCConfigurationList;
			buildConfigurations = (
				DB70BB951B7253AC00FECB99 /* Debug */,
				DB70BB961B7253AC00FECB99 /* Release */,
			);
			defaultConfigurationIsVisible = 0;
			defaultConfigurationName = Release;
		};
		DB70BB971B7253AC00FECB99 /* Build configuration list for PBXNativeTarget "6HandsSwiftTests" */ = {
			isa = XCConfigurationList;
			buildConfigurations = (
				DB70BB981B7253AC00FECB99 /* Debug */,
				DB70BB991B7253AC00FECB99 /* Release */,
			);
			defaultConfigurationIsVisible = 0;
			defaultConfigurationName = Release;
		};
/* End XCConfigurationList section */

/* Begin XCVersionGroup section */
		DB70BB791B7253AC00FECB99 /* _HandsSwift.xcdatamodeld */ = {
			isa = XCVersionGroup;
			children = (
				DB70BB7A1B7253AC00FECB99 /* _HandsSwift.xcdatamodel */,
			);
			currentVersion = DB70BB7A1B7253AC00FECB99 /* _HandsSwift.xcdatamodel */;
			path = _HandsSwift.xcdatamodeld;
			sourceTree = "<group>";
			versionGroupType = wrapper.xcdatamodel;
		};
/* End XCVersionGroup section */
	};
	rootObject = DB70BB6A1B7253AC00FECB99 /* Project object */;
}
